// !$*UTF8*$!
{
	archiveVersion = 1;
	classes = {
	};
	objectVersion = 50;
	objects = {

/* Begin PBXBuildFile section */
		0E708F9A6775475910F04A4A /* Pods_InRating.framework in Frameworks */ = {isa = PBXBuildFile; fileRef = C59D6264688098EAC07F7978 /* Pods_InRating.framework */; };
		6B40B5D421F744EC007C7EFD /* PostPresenter.swift in Sources */ = {isa = PBXBuildFile; fileRef = 6B40B5D321F744EC007C7EFD /* PostPresenter.swift */; };
		6B40B5D621F74AC6007C7EFD /* Model.swift in Sources */ = {isa = PBXBuildFile; fileRef = 6B40B5D521F74AC6007C7EFD /* Model.swift */; };
		6B40B5D821F771A8007C7EFD /* UploadingImageView.swift in Sources */ = {isa = PBXBuildFile; fileRef = 6B40B5D721F771A8007C7EFD /* UploadingImageView.swift */; };
		6B40B5DA21F7728A007C7EFD /* Extension.swift in Sources */ = {isa = PBXBuildFile; fileRef = 6B40B5D921F7728A007C7EFD /* Extension.swift */; };
		6B40B5DC21F77A04007C7EFD /* CountLabel.swift in Sources */ = {isa = PBXBuildFile; fileRef = 6B40B5DB21F77A04007C7EFD /* CountLabel.swift */; };
		6B40B5DE21F77CEA007C7EFD /* CustomButton.swift in Sources */ = {isa = PBXBuildFile; fileRef = 6B40B5DD21F77CEA007C7EFD /* CustomButton.swift */; };
		6B40B5E021F7827E007C7EFD /* StatisticsView.swift in Sources */ = {isa = PBXBuildFile; fileRef = 6B40B5DF21F7827D007C7EFD /* StatisticsView.swift */; };
		6B40B5E221F7828A007C7EFD /* StatisticsView.xib in Resources */ = {isa = PBXBuildFile; fileRef = 6B40B5E121F7828A007C7EFD /* StatisticsView.xib */; };
		6B40B5EA21F78654007C7EFD /* StatisticViewController.swift in Sources */ = {isa = PBXBuildFile; fileRef = 6B40B5E921F78654007C7EFD /* StatisticViewController.swift */; };
		6B40B5EC21F7866A007C7EFD /* StatisticPresenter.swift in Sources */ = {isa = PBXBuildFile; fileRef = 6B40B5EB21F7866A007C7EFD /* StatisticPresenter.swift */; };
		6B40B5EE21F787B3007C7EFD /* Constants.swift in Sources */ = {isa = PBXBuildFile; fileRef = 6B40B5ED21F787B3007C7EFD /* Constants.swift */; };
		6B40B5F721F79D52007C7EFD /* UserCell.swift in Sources */ = {isa = PBXBuildFile; fileRef = 6B40B5F521F79D52007C7EFD /* UserCell.swift */; };
		6B40B5F821F79D52007C7EFD /* UserCell.xib in Resources */ = {isa = PBXBuildFile; fileRef = 6B40B5F621F79D52007C7EFD /* UserCell.xib */; };
		6B6ADE5B21F7243000D2B446 /* AppDelegate.swift in Sources */ = {isa = PBXBuildFile; fileRef = 6B6ADE5A21F7243000D2B446 /* AppDelegate.swift */; };
		6B6ADE5D21F7243000D2B446 /* PostViewController.swift in Sources */ = {isa = PBXBuildFile; fileRef = 6B6ADE5C21F7243000D2B446 /* PostViewController.swift */; };
		6B6ADE6021F7243000D2B446 /* Main.storyboard in Resources */ = {isa = PBXBuildFile; fileRef = 6B6ADE5E21F7243000D2B446 /* Main.storyboard */; };
		6B6ADE6221F7243200D2B446 /* Assets.xcassets in Resources */ = {isa = PBXBuildFile; fileRef = 6B6ADE6121F7243200D2B446 /* Assets.xcassets */; };
		6B6ADE6521F7243200D2B446 /* LaunchScreen.storyboard in Resources */ = {isa = PBXBuildFile; fileRef = 6B6ADE6321F7243200D2B446 /* LaunchScreen.storyboard */; };
		6B6ADE6D21F729C200D2B446 /* InternetService.swift in Sources */ = {isa = PBXBuildFile; fileRef = 6B6ADE6C21F729C200D2B446 /* InternetService.swift */; };
/* End PBXBuildFile section */

/* Begin PBXFileReference section */
		434544DF4F4ABA6B074C36D9 /* Pods-InRating.release.xcconfig */ = {isa = PBXFileReference; includeInIndex = 1; lastKnownFileType = text.xcconfig; name = "Pods-InRating.release.xcconfig"; path = "Pods/Target Support Files/Pods-InRating/Pods-InRating.release.xcconfig"; sourceTree = "<group>"; };
		6B40B5D321F744EC007C7EFD /* PostPresenter.swift */ = {isa = PBXFileReference; lastKnownFileType = sourcecode.swift; path = PostPresenter.swift; sourceTree = "<group>"; };
		6B40B5D521F74AC6007C7EFD /* Model.swift */ = {isa = PBXFileReference; lastKnownFileType = sourcecode.swift; path = Model.swift; sourceTree = "<group>"; };
		6B40B5D721F771A8007C7EFD /* UploadingImageView.swift */ = {isa = PBXFileReference; lastKnownFileType = sourcecode.swift; path = UploadingImageView.swift; sourceTree = "<group>"; };
		6B40B5D921F7728A007C7EFD /* Extension.swift */ = {isa = PBXFileReference; lastKnownFileType = sourcecode.swift; path = Extension.swift; sourceTree = "<group>"; };
		6B40B5DB21F77A04007C7EFD /* CountLabel.swift */ = {isa = PBXFileReference; lastKnownFileType = sourcecode.swift; path = CountLabel.swift; sourceTree = "<group>"; };
		6B40B5DD21F77CEA007C7EFD /* CustomButton.swift */ = {isa = PBXFileReference; lastKnownFileType = sourcecode.swift; path = CustomButton.swift; sourceTree = "<group>"; };
		6B40B5DF21F7827D007C7EFD /* StatisticsView.swift */ = {isa = PBXFileReference; lastKnownFileType = sourcecode.swift; path = StatisticsView.swift; sourceTree = "<group>"; };
		6B40B5E121F7828A007C7EFD /* StatisticsView.xib */ = {isa = PBXFileReference; lastKnownFileType = file.xib; path = StatisticsView.xib; sourceTree = "<group>"; };
		6B40B5E921F78654007C7EFD /* StatisticViewController.swift */ = {isa = PBXFileReference; lastKnownFileType = sourcecode.swift; path = StatisticViewController.swift; sourceTree = "<group>"; };
		6B40B5EB21F7866A007C7EFD /* StatisticPresenter.swift */ = {isa = PBXFileReference; lastKnownFileType = sourcecode.swift; path = StatisticPresenter.swift; sourceTree = "<group>"; };
		6B40B5ED21F787B3007C7EFD /* Constants.swift */ = {isa = PBXFileReference; lastKnownFileType = sourcecode.swift; path = Constants.swift; sourceTree = "<group>"; };
		6B40B5F521F79D52007C7EFD /* UserCell.swift */ = {isa = PBXFileReference; lastKnownFileType = sourcecode.swift; path = UserCell.swift; sourceTree = "<group>"; };
		6B40B5F621F79D52007C7EFD /* UserCell.xib */ = {isa = PBXFileReference; lastKnownFileType = file.xib; path = UserCell.xib; sourceTree = "<group>"; };
		6B6ADE5721F7243000D2B446 /* InRating.app */ = {isa = PBXFileReference; explicitFileType = wrapper.application; includeInIndex = 0; path = InRating.app; sourceTree = BUILT_PRODUCTS_DIR; };
		6B6ADE5A21F7243000D2B446 /* AppDelegate.swift */ = {isa = PBXFileReference; lastKnownFileType = sourcecode.swift; path = AppDelegate.swift; sourceTree = "<group>"; };
		6B6ADE5C21F7243000D2B446 /* PostViewController.swift */ = {isa = PBXFileReference; lastKnownFileType = sourcecode.swift; path = PostViewController.swift; sourceTree = "<group>"; };
		6B6ADE5F21F7243000D2B446 /* Base */ = {isa = PBXFileReference; lastKnownFileType = file.storyboard; name = Base; path = Base.lproj/Main.storyboard; sourceTree = "<group>"; };
		6B6ADE6121F7243200D2B446 /* Assets.xcassets */ = {isa = PBXFileReference; lastKnownFileType = folder.assetcatalog; path = Assets.xcassets; sourceTree = "<group>"; };
		6B6ADE6421F7243200D2B446 /* Base */ = {isa = PBXFileReference; lastKnownFileType = file.storyboard; name = Base; path = Base.lproj/LaunchScreen.storyboard; sourceTree = "<group>"; };
		6B6ADE6621F7243200D2B446 /* Info.plist */ = {isa = PBXFileReference; lastKnownFileType = text.plist.xml; path = Info.plist; sourceTree = "<group>"; };
		6B6ADE6C21F729C200D2B446 /* InternetService.swift */ = {isa = PBXFileReference; lastKnownFileType = sourcecode.swift; path = InternetService.swift; sourceTree = "<group>"; };
		8B130DED140D1B9956F65AE5 /* Pods-InRating.debug.xcconfig */ = {isa = PBXFileReference; includeInIndex = 1; lastKnownFileType = text.xcconfig; name = "Pods-InRating.debug.xcconfig"; path = "Pods/Target Support Files/Pods-InRating/Pods-InRating.debug.xcconfig"; sourceTree = "<group>"; };
		C59D6264688098EAC07F7978 /* Pods_InRating.framework */ = {isa = PBXFileReference; explicitFileType = wrapper.framework; includeInIndex = 0; path = Pods_InRating.framework; sourceTree = BUILT_PRODUCTS_DIR; };
/* End PBXFileReference section */

/* Begin PBXFrameworksBuildPhase section */
		6B6ADE5421F7243000D2B446 /* Frameworks */ = {
			isa = PBXFrameworksBuildPhase;
			buildActionMask = 2147483647;
			files = (
				0E708F9A6775475910F04A4A /* Pods_InRating.framework in Frameworks */,
			);
			runOnlyForDeploymentPostprocessing = 0;
		};
/* End PBXFrameworksBuildPhase section */

/* Begin PBXGroup section */
		09B8904CCE7E150426AFC55F /* Pods */ = {
			isa = PBXGroup;
			children = (
				8B130DED140D1B9956F65AE5 /* Pods-InRating.debug.xcconfig */,
				434544DF4F4ABA6B074C36D9 /* Pods-InRating.release.xcconfig */,
			);
			name = Pods;
			sourceTree = "<group>";
		};
		6B40B5E321F78391007C7EFD /* Presenter */ = {
			isa = PBXGroup;
			children = (
				6B40B5D321F744EC007C7EFD /* PostPresenter.swift */,
				6B40B5EB21F7866A007C7EFD /* StatisticPresenter.swift */,
			);
			path = Presenter;
			sourceTree = "<group>";
		};
		6B40B5E421F7839E007C7EFD /* Controller */ = {
			isa = PBXGroup;
			children = (
				6B6ADE5C21F7243000D2B446 /* PostViewController.swift */,
				6B40B5E921F78654007C7EFD /* StatisticViewController.swift */,
			);
			path = Controller;
			sourceTree = "<group>";
		};
		6B40B5E521F783B0007C7EFD /* ServiceSingletone */ = {
			isa = PBXGroup;
			children = (
				6B6ADE6C21F729C200D2B446 /* InternetService.swift */,
			);
			path = ServiceSingletone;
			sourceTree = "<group>";
		};
		6B40B5E621F783D9007C7EFD /* View */ = {
			isa = PBXGroup;
			children = (
				6B40B5DF21F7827D007C7EFD /* StatisticsView.swift */,
				6B40B5E121F7828A007C7EFD /* StatisticsView.xib */,
				6B40B5F521F79D52007C7EFD /* UserCell.swift */,
				6B40B5F621F79D52007C7EFD /* UserCell.xib */,
			);
			path = View;
			sourceTree = "<group>";
		};
		6B40B5E721F78417007C7EFD /* CustomItem */ = {
			isa = PBXGroup;
			children = (
				6B40B5D721F771A8007C7EFD /* UploadingImageView.swift */,
				6B40B5DB21F77A04007C7EFD /* CountLabel.swift */,
				6B40B5DD21F77CEA007C7EFD /* CustomButton.swift */,
			);
			path = CustomItem;
			sourceTree = "<group>";
		};
		6B40B5E821F7843C007C7EFD /* Model */ = {
			isa = PBXGroup;
			children = (
				6B40B5D521F74AC6007C7EFD /* Model.swift */,
			);
			path = Model;
			sourceTree = "<group>";
		};
		6B6ADE4E21F7243000D2B446 = {
			isa = PBXGroup;
			children = (
				6B6ADE5921F7243000D2B446 /* InRating */,
				6B6ADE5821F7243000D2B446 /* Products */,
				09B8904CCE7E150426AFC55F /* Pods */,
				A8233516466243D04CC38DC4 /* Frameworks */,
			);
			sourceTree = "<group>";
		};
		6B6ADE5821F7243000D2B446 /* Products */ = {
			isa = PBXGroup;
			children = (
				6B6ADE5721F7243000D2B446 /* InRating.app */,
			);
			name = Products;
			sourceTree = "<group>";
		};
		6B6ADE5921F7243000D2B446 /* InRating */ = {
			isa = PBXGroup;
			children = (
				6B40B5E821F7843C007C7EFD /* Model */,
				6B40B5E321F78391007C7EFD /* Presenter */,
				6B40B5E421F7839E007C7EFD /* Controller */,
				6B40B5E621F783D9007C7EFD /* View */,
				6B40B5E521F783B0007C7EFD /* ServiceSingletone */,
				6B40B5E721F78417007C7EFD /* CustomItem */,
				6B6ADE5E21F7243000D2B446 /* Main.storyboard */,
				6B6ADE6121F7243200D2B446 /* Assets.xcassets */,
				6B6ADE6321F7243200D2B446 /* LaunchScreen.storyboard */,
				6B6ADE6621F7243200D2B446 /* Info.plist */,
				6B40B5D921F7728A007C7EFD /* Extension.swift */,
				6B6ADE5A21F7243000D2B446 /* AppDelegate.swift */,
				6B40B5ED21F787B3007C7EFD /* Constants.swift */,
			);
			path = InRating;
			sourceTree = "<group>";
		};
		A8233516466243D04CC38DC4 /* Frameworks */ = {
			isa = PBXGroup;
			children = (
				C59D6264688098EAC07F7978 /* Pods_InRating.framework */,
			);
			name = Frameworks;
			sourceTree = "<group>";
		};
/* End PBXGroup section */

/* Begin PBXNativeTarget section */
		6B6ADE5621F7243000D2B446 /* InRating */ = {
			isa = PBXNativeTarget;
			buildConfigurationList = 6B6ADE6921F7243200D2B446 /* Build configuration list for PBXNativeTarget "InRating" */;
			buildPhases = (
				241A252F4523E76DB6E173DB /* [CP] Check Pods Manifest.lock */,
				6B6ADE5321F7243000D2B446 /* Sources */,
				6B6ADE5421F7243000D2B446 /* Frameworks */,
				6B6ADE5521F7243000D2B446 /* Resources */,
				3A5501102DE50C2470873782 /* [CP] Embed Pods Frameworks */,
			);
			buildRules = (
			);
			dependencies = (
			);
			name = InRating;
			productName = InRating;
			productReference = 6B6ADE5721F7243000D2B446 /* InRating.app */;
			productType = "com.apple.product-type.application";
		};
/* End PBXNativeTarget section */

/* Begin PBXProject section */
		6B6ADE4F21F7243000D2B446 /* Project object */ = {
			isa = PBXProject;
			attributes = {
				LastSwiftUpdateCheck = 1010;
				LastUpgradeCheck = 1010;
				ORGANIZATIONNAME = "Next Level";
				TargetAttributes = {
					6B6ADE5621F7243000D2B446 = {
						CreatedOnToolsVersion = 10.1;
					};
				};
			};
			buildConfigurationList = 6B6ADE5221F7243000D2B446 /* Build configuration list for PBXProject "InRating" */;
			compatibilityVersion = "Xcode 9.3";
			developmentRegion = en;
			hasScannedForEncodings = 0;
			knownRegions = (
				en,
				Base,
			);
			mainGroup = 6B6ADE4E21F7243000D2B446;
			productRefGroup = 6B6ADE5821F7243000D2B446 /* Products */;
			projectDirPath = "";
			projectRoot = "";
			targets = (
				6B6ADE5621F7243000D2B446 /* InRating */,
			);
		};
/* End PBXProject section */

/* Begin PBXResourcesBuildPhase section */
		6B6ADE5521F7243000D2B446 /* Resources */ = {
			isa = PBXResourcesBuildPhase;
			buildActionMask = 2147483647;
			files = (
				6B6ADE6521F7243200D2B446 /* LaunchScreen.storyboard in Resources */,
				6B40B5E221F7828A007C7EFD /* StatisticsView.xib in Resources */,
				6B6ADE6221F7243200D2B446 /* Assets.xcassets in Resources */,
				6B6ADE6021F7243000D2B446 /* Main.storyboard in Resources */,
				6B40B5F821F79D52007C7EFD /* UserCell.xib in Resources */,
			);
			runOnlyForDeploymentPostprocessing = 0;
		};
/* End PBXResourcesBuildPhase section */

/* Begin PBXShellScriptBuildPhase section */
		241A252F4523E76DB6E173DB /* [CP] Check Pods Manifest.lock */ = {
			isa = PBXShellScriptBuildPhase;
			buildActionMask = 2147483647;
			files = (
			);
			inputPaths = (
				"${PODS_PODFILE_DIR_PATH}/Podfile.lock",
				"${PODS_ROOT}/Manifest.lock",
			);
			name = "[CP] Check Pods Manifest.lock";
			outputPaths = (
				"$(DERIVED_FILE_DIR)/Pods-InRating-checkManifestLockResult.txt",
			);
			runOnlyForDeploymentPostprocessing = 0;
			shellPath = /bin/sh;
			shellScript = "diff \"${PODS_PODFILE_DIR_PATH}/Podfile.lock\" \"${PODS_ROOT}/Manifest.lock\" > /dev/null\nif [ $? != 0 ] ; then\n    # print error to STDERR\n    echo \"error: The sandbox is not in sync with the Podfile.lock. Run 'pod install' or update your CocoaPods installation.\" >&2\n    exit 1\nfi\n# This output is used by Xcode 'outputs' to avoid re-running this script phase.\necho \"SUCCESS\" > \"${SCRIPT_OUTPUT_FILE_0}\"\n";
			showEnvVarsInLog = 0;
		};
		3A5501102DE50C2470873782 /* [CP] Embed Pods Frameworks */ = {
			isa = PBXShellScriptBuildPhase;
			buildActionMask = 2147483647;
			files = (
			);
			inputPaths = (
				"${SRCROOT}/Pods/Target Support Files/Pods-InRating/Pods-InRating-frameworks.sh",
				"${BUILT_PRODUCTS_DIR}/Alamofire/Alamofire.framework",
				"${BUILT_PRODUCTS_DIR}/SDWebImage/SDWebImage.framework",
			);
			name = "[CP] Embed Pods Frameworks";
			outputPaths = (
				"${TARGET_BUILD_DIR}/${FRAMEWORKS_FOLDER_PATH}/Alamofire.framework",
				"${TARGET_BUILD_DIR}/${FRAMEWORKS_FOLDER_PATH}/SDWebImage.framework",
			);
			runOnlyForDeploymentPostprocessing = 0;
			shellPath = /bin/sh;
			shellScript = "\"${SRCROOT}/Pods/Target Support Files/Pods-InRating/Pods-InRating-frameworks.sh\"\n";
			showEnvVarsInLog = 0;
		};
/* End PBXShellScriptBuildPhase section */

/* Begin PBXSourcesBuildPhase section */
		6B6ADE5321F7243000D2B446 /* Sources */ = {
			isa = PBXSourcesBuildPhase;
			buildActionMask = 2147483647;
			files = (
				6B40B5D621F74AC6007C7EFD /* Model.swift in Sources */,
				6B40B5E021F7827E007C7EFD /* StatisticsView.swift in Sources */,
				6B6ADE5D21F7243000D2B446 /* PostViewController.swift in Sources */,
				6B40B5EA21F78654007C7EFD /* StatisticViewController.swift in Sources */,
				6B40B5DE21F77CEA007C7EFD /* CustomButton.swift in Sources */,
				6B40B5DA21F7728A007C7EFD /* Extension.swift in Sources */,
				6B40B5F721F79D52007C7EFD /* UserCell.swift in Sources */,
				6B40B5D821F771A8007C7EFD /* UploadingImageView.swift in Sources */,
				6B40B5EE21F787B3007C7EFD /* Constants.swift in Sources */,
				6B40B5DC21F77A04007C7EFD /* CountLabel.swift in Sources */,
				6B6ADE5B21F7243000D2B446 /* AppDelegate.swift in Sources */,
				6B6ADE6D21F729C200D2B446 /* InternetService.swift in Sources */,
				6B40B5D421F744EC007C7EFD /* PostPresenter.swift in Sources */,
				6B40B5EC21F7866A007C7EFD /* StatisticPresenter.swift in Sources */,
			);
			runOnlyForDeploymentPostprocessing = 0;
		};
/* End PBXSourcesBuildPhase section */

/* Begin PBXVariantGroup section */
		6B6ADE5E21F7243000D2B446 /* Main.storyboard */ = {
			isa = PBXVariantGroup;
			children = (
				6B6ADE5F21F7243000D2B446 /* Base */,
			);
			name = Main.storyboard;
			sourceTree = "<group>";
		};
		6B6ADE6321F7243200D2B446 /* LaunchScreen.storyboard */ = {
			isa = PBXVariantGroup;
			children = (
				6B6ADE6421F7243200D2B446 /* Base */,
			);
			name = LaunchScreen.storyboard;
			sourceTree = "<group>";
		};
/* End PBXVariantGroup section */

/* Begin XCBuildConfiguration section */
		6B6ADE6721F7243200D2B446 /* Debug */ = {
			isa = XCBuildConfiguration;
			buildSettings = {
				ALWAYS_SEARCH_USER_PATHS = NO;
				CLANG_ANALYZER_NONNULL = YES;
				CLANG_ANALYZER_NUMBER_OBJECT_CONVERSION = YES_AGGRESSIVE;
				CLANG_CXX_LANGUAGE_STANDARD = "gnu++14";
				CLANG_CXX_LIBRARY = "libc++";
				CLANG_ENABLE_MODULES = YES;
				CLANG_ENABLE_OBJC_ARC = YES;
				CLANG_ENABLE_OBJC_WEAK = YES;
				CLANG_WARN_BLOCK_CAPTURE_AUTORELEASING = YES;
				CLANG_WARN_BOOL_CONVERSION = YES;
				CLANG_WARN_COMMA = YES;
				CLANG_WARN_CONSTANT_CONVERSION = YES;
				CLANG_WARN_DEPRECATED_OBJC_IMPLEMENTATIONS = YES;
				CLANG_WARN_DIRECT_OBJC_ISA_USAGE = YES_ERROR;
				CLANG_WARN_DOCUMENTATION_COMMENTS = YES;
				CLANG_WARN_EMPTY_BODY = YES;
				CLANG_WARN_ENUM_CONVERSION = YES;
				CLANG_WARN_INFINITE_RECURSION = YES;
				CLANG_WARN_INT_CONVERSION = YES;
				CLANG_WARN_NON_LITERAL_NULL_CONVERSION = YES;
				CLANG_WARN_OBJC_IMPLICIT_RETAIN_SELF = YES;
				CLANG_WARN_OBJC_LITERAL_CONVERSION = YES;
				CLANG_WARN_OBJC_ROOT_CLASS = YES_ERROR;
				CLANG_WARN_RANGE_LOOP_ANALYSIS = YES;
				CLANG_WARN_STRICT_PROTOTYPES = YES;
				CLANG_WARN_SUSPICIOUS_MOVE = YES;
				CLANG_WARN_UNGUARDED_AVAILABILITY = YES_AGGRESSIVE;
				CLANG_WARN_UNREACHABLE_CODE = YES;
				CLANG_WARN__DUPLICATE_METHOD_MATCH = YES;
				CODE_SIGN_IDENTITY = "iPhone Developer";
				COPY_PHASE_STRIP = NO;
				DEBUG_INFORMATION_FORMAT = dwarf;
				ENABLE_STRICT_OBJC_MSGSEND = YES;
				ENABLE_TESTABILITY = YES;
				GCC_C_LANGUAGE_STANDARD = gnu11;
				GCC_DYNAMIC_NO_PIC = NO;
				GCC_NO_COMMON_BLOCKS = YES;
				GCC_OPTIMIZATION_LEVEL = 0;
				GCC_PREPROCESSOR_DEFINITIONS = (
					"DEBUG=1",
					"$(inherited)",
				);
				GCC_WARN_64_TO_32_BIT_CONVERSION = YES;
				GCC_WARN_ABOUT_RETURN_TYPE = YES_ERROR;
				GCC_WARN_UNDECLARED_SELECTOR = YES;
				GCC_WARN_UNINITIALIZED_AUTOS = YES_AGGRESSIVE;
				GCC_WARN_UNUSED_FUNCTION = YES;
				GCC_WARN_UNUSED_VARIABLE = YES;
				IPHONEOS_DEPLOYMENT_TARGET = 12.1;
				MTL_ENABLE_DEBUG_INFO = INCLUDE_SOURCE;
				MTL_FAST_MATH = YES;
				ONLY_ACTIVE_ARCH = YES;
				SDKROOT = iphoneos;
				SWIFT_ACTIVE_COMPILATION_CONDITIONS = DEBUG;
				SWIFT_OPTIMIZATION_LEVEL = "-Onone";
			};
			name = Debug;
		};
		6B6ADE6821F7243200D2B446 /* Release */ = {
			isa = XCBuildConfiguration;
			buildSettings = {
				ALWAYS_SEARCH_USER_PATHS = NO;
				CLANG_ANALYZER_NONNULL = YES;
				CLANG_ANALYZER_NUMBER_OBJECT_CONVERSION = YES_AGGRESSIVE;
				CLANG_CXX_LANGUAGE_STANDARD = "gnu++14";
				CLANG_CXX_LIBRARY = "libc++";
				CLANG_ENABLE_MODULES = YES;
				CLANG_ENABLE_OBJC_ARC = YES;
				CLANG_ENABLE_OBJC_WEAK = YES;
				CLANG_WARN_BLOCK_CAPTURE_AUTORELEASING = YES;
				CLANG_WARN_BOOL_CONVERSION = YES;
				CLANG_WARN_COMMA = YES;
				CLANG_WARN_CONSTANT_CONVERSION = YES;
				CLANG_WARN_DEPRECATED_OBJC_IMPLEMENTATIONS = YES;
				CLANG_WARN_DIRECT_OBJC_ISA_USAGE = YES_ERROR;
				CLANG_WARN_DOCUMENTATION_COMMENTS = YES;
				CLANG_WARN_EMPTY_BODY = YES;
				CLANG_WARN_ENUM_CONVERSION = YES;
				CLANG_WARN_INFINITE_RECURSION = YES;
				CLANG_WARN_INT_CONVERSION = YES;
				CLANG_WARN_NON_LITERAL_NULL_CONVERSION = YES;
				CLANG_WARN_OBJC_IMPLICIT_RETAIN_SELF = YES;
				CLANG_WARN_OBJC_LITERAL_CONVERSION = YES;
				CLANG_WARN_OBJC_ROOT_CLASS = YES_ERROR;
				CLANG_WARN_RANGE_LOOP_ANALYSIS = YES;
				CLANG_WARN_STRICT_PROTOTYPES = YES;
				CLANG_WARN_SUSPICIOUS_MOVE = YES;
				CLANG_WARN_UNGUARDED_AVAILABILITY = YES_AGGRESSIVE;
				CLANG_WARN_UNREACHABLE_CODE = YES;
				CLANG_WARN__DUPLICATE_METHOD_MATCH = YES;
				CODE_SIGN_IDENTITY = "iPhone Developer";
				COPY_PHASE_STRIP = NO;
				DEBUG_INFORMATION_FORMAT = "dwarf-with-dsym";
				ENABLE_NS_ASSERTIONS = NO;
				ENABLE_STRICT_OBJC_MSGSEND = YES;
				GCC_C_LANGUAGE_STANDARD = gnu11;
				GCC_NO_COMMON_BLOCKS = YES;
				GCC_WARN_64_TO_32_BIT_CONVERSION = YES;
				GCC_WARN_ABOUT_RETURN_TYPE = YES_ERROR;
				GCC_WARN_UNDECLARED_SELECTOR = YES;
				GCC_WARN_UNINITIALIZED_AUTOS = YES_AGGRESSIVE;
				GCC_WARN_UNUSED_FUNCTION = YES;
				GCC_WARN_UNUSED_VARIABLE = YES;
				IPHONEOS_DEPLOYMENT_TARGET = 12.1;
				MTL_ENABLE_DEBUG_INFO = NO;
				MTL_FAST_MATH = YES;
				SDKROOT = iphoneos;
				SWIFT_COMPILATION_MODE = wholemodule;
				SWIFT_OPTIMIZATION_LEVEL = "-O";
				VALIDATE_PRODUCT = YES;
			};
			name = Release;
		};
		6B6ADE6A21F7243200D2B446 /* Debug */ = {
			isa = XCBuildConfiguration;
			baseConfigurationReference = 8B130DED140D1B9956F65AE5 /* Pods-InRating.debug.xcconfig */;
			buildSettings = {
				ASSETCATALOG_COMPILER_APPICON_NAME = AppIcon;
				CODE_SIGN_STYLE = Automatic;
				DEVELOPMENT_TEAM = CKBNF3UH37;
				INFOPLIST_FILE = InRating/Info.plist;
				IPHONEOS_DEPLOYMENT_TARGET = 10.0;
				LD_RUNPATH_SEARCH_PATHS = (
					"$(inherited)",
					"@executable_path/Frameworks",
				);
				PRODUCT_BUNDLE_IDENTIFIER = Next.level.InRating;
				PRODUCT_NAME = "$(TARGET_NAME)";
				SWIFT_VERSION = 4.2;
				TARGETED_DEVICE_FAMILY = "1,2";
			};
			name = Debug;
		};
		6B6ADE6B21F7243200D2B446 /* Release */ = {
			isa = XCBuildConfiguration;
			baseConfigurationReference = 434544DF4F4ABA6B074C36D9 /* Pods-InRating.release.xcconfig */;
			buildSettings = {
				ASSETCATALOG_COMPILER_APPICON_NAME = AppIcon;
				CODE_SIGN_STYLE = Automatic;
				DEVELOPMENT_TEAM = CKBNF3UH37;
				INFOPLIST_FILE = InRating/Info.plist;
				IPHONEOS_DEPLOYMENT_TARGET = 10.0;
				LD_RUNPATH_SEARCH_PATHS = (
					"$(inherited)",
					"@executable_path/Frameworks",
				);
				PRODUCT_BUNDLE_IDENTIFIER = Next.level.InRating;
				PRODUCT_NAME = "$(TARGET_NAME)";
				SWIFT_VERSION = 4.2;
				TARGETED_DEVICE_FAMILY = "1,2";
			};
			name = Release;
		};
/* End XCBuildConfiguration section */

/* Begin XCConfigurationList section */
		6B6ADE5221F7243000D2B446 /* Build configuration list for PBXProject "InRating" */ = {
			isa = XCConfigurationList;
			buildConfigurations = (
				6B6ADE6721F7243200D2B446 /* Debug */,
				6B6ADE6821F7243200D2B446 /* Release */,
			);
			defaultConfigurationIsVisible = 0;
			defaultConfigurationName = Release;
		};
		6B6ADE6921F7243200D2B446 /* Build configuration list for PBXNativeTarget "InRating" */ = {
			isa = XCConfigurationList;
			buildConfigurations = (
				6B6ADE6A21F7243200D2B446 /* Debug */,
				6B6ADE6B21F7243200D2B446 /* Release */,
			);
			defaultConfigurationIsVisible = 0;
			defaultConfigurationName = Release;
		};
/* End XCConfigurationList section */
	};
	rootObject = 6B6ADE4F21F7243000D2B446 /* Project object */;
}
